// !$*UTF8*$!
{
	archiveVersion = 1;
	classes = {
	};
	objectVersion = 46;
	objects = {

/* Begin PBXBuildFile section */
		6D52331A1A267A4D008B4C9B /* main.m in Sources */ = {isa = PBXBuildFile; fileRef = 6D5233191A267A4D008B4C9B /* main.m */; };
		6D52331D1A267A4D008B4C9B /* AppDelegate.m in Sources */ = {isa = PBXBuildFile; fileRef = 6D52331C1A267A4D008B4C9B /* AppDelegate.m */; };
		6D5233251A267A4D008B4C9B /* Images.xcassets in Resources */ = {isa = PBXBuildFile; fileRef = 6D5233241A267A4D008B4C9B /* Images.xcassets */; };
		6D5233281A267A4D008B4C9B /* LaunchScreen.xib in Resources */ = {isa = PBXBuildFile; fileRef = 6D5233261A267A4D008B4C9B /* LaunchScreen.xib */; };
		6D5233341A267A4D008B4C9B /* Y55Tests.m in Sources */ = {isa = PBXBuildFile; fileRef = 6D5233331A267A4D008B4C9B /* Y55Tests.m */; };
		6D5233431A267F75008B4C9B /* TipsViewController.m in Sources */ = {isa = PBXBuildFile; fileRef = 6D5233421A267F75008B4C9B /* TipsViewController.m */; };
		6D5233481A268061008B4C9B /* Y55Defines.m in Sources */ = {isa = PBXBuildFile; fileRef = 6D5233471A268061008B4C9B /* Y55Defines.m */; };
		6D52334E1A2681E3008B4C9B /* UIColor+Y55.m in Sources */ = {isa = PBXBuildFile; fileRef = 6D52334D1A2681E3008B4C9B /* UIColor+Y55.m */; };
		6D5233511A268425008B4C9B /* NSUserDefaults+Y55.m in Sources */ = {isa = PBXBuildFile; fileRef = 6D5233501A268425008B4C9B /* NSUserDefaults+Y55.m */; };
		6D5233541A2684AD008B4C9B /* Y55Preferences.m in Sources */ = {isa = PBXBuildFile; fileRef = 6D5233531A2684AD008B4C9B /* Y55Preferences.m */; };
		6D5233571A268964008B4C9B /* UIButton+Y55.m in Sources */ = {isa = PBXBuildFile; fileRef = 6D5233561A268964008B4C9B /* UIButton+Y55.m */; };
		6D52335B1A2691C8008B4C9B /* CoreGraphics.framework in Frameworks */ = {isa = PBXBuildFile; fileRef = 6D52335A1A2691C8008B4C9B /* CoreGraphics.framework */; };
		6D52335D1A2691CD008B4C9B /* UIKit.framework in Frameworks */ = {isa = PBXBuildFile; fileRef = 6D52335C1A2691CD008B4C9B /* UIKit.framework */; };
		6D52335F1A2691D4008B4C9B /* Foundation.framework in Frameworks */ = {isa = PBXBuildFile; fileRef = 6D52335E1A2691D4008B4C9B /* Foundation.framework */; };
		6D5233621A269250008B4C9B /* Settings.bundle in Resources */ = {isa = PBXBuildFile; fileRef = 6D5233611A269250008B4C9B /* Settings.bundle */; };
		6D52336A1A269587008B4C9B /* Crashlytics.framework in Frameworks */ = {isa = PBXBuildFile; fileRef = 6D5233681A269587008B4C9B /* Crashlytics.framework */; };
		6D52336B1A269587008B4C9B /* Fabric.framework in Frameworks */ = {isa = PBXBuildFile; fileRef = 6D5233691A269587008B4C9B /* Fabric.framework */; };
		6D52336E1A2695E2008B4C9B /* TwitterKit.framework in Frameworks */ = {isa = PBXBuildFile; fileRef = 6D52336C1A2695E2008B4C9B /* TwitterKit.framework */; };
		6D52336F1A2695E2008B4C9B /* TwitterKitResources.bundle in Resources */ = {isa = PBXBuildFile; fileRef = 6D52336D1A2695E2008B4C9B /* TwitterKitResources.bundle */; };
		6D5233721A26962E008B4C9B /* LoginViewController.m in Sources */ = {isa = PBXBuildFile; fileRef = 6D5233711A26962E008B4C9B /* LoginViewController.m */; };
		6D5233741A269829008B4C9B /* Twitter.framework in Frameworks */ = {isa = PBXBuildFile; fileRef = 6D5233731A269829008B4C9B /* Twitter.framework */; };
		6D5233761A269849008B4C9B /* Accounts.framework in Frameworks */ = {isa = PBXBuildFile; fileRef = 6D5233751A269849008B4C9B /* Accounts.framework */; };
		6D5233B21A26DB59008B4C9B /* TasksViewController.m in Sources */ = {isa = PBXBuildFile; fileRef = 6D5233B11A26DB59008B4C9B /* TasksViewController.m */; };
		6D5233B81A26DB7B008B4C9B /* ProfileViewController.m in Sources */ = {isa = PBXBuildFile; fileRef = 6D5233B71A26DB7B008B4C9B /* ProfileViewController.m */; };
		6D5233BB1A26DB90008B4C9B /* AdvicesViewController.m in Sources */ = {isa = PBXBuildFile; fileRef = 6D5233BA1A26DB90008B4C9B /* AdvicesViewController.m */; };
		6D5233C01A295695008B4C9B /* Social.framework in Frameworks */ = {isa = PBXBuildFile; fileRef = 6D5233BF1A295695008B4C9B /* Social.framework */; };
/* End PBXBuildFile section */

/* Begin PBXContainerItemProxy section */
		6D52332E1A267A4D008B4C9B /* PBXContainerItemProxy */ = {
			isa = PBXContainerItemProxy;
			containerPortal = 6D52330C1A267A4D008B4C9B /* Project object */;
			proxyType = 1;
			remoteGlobalIDString = 6D5233131A267A4D008B4C9B;
			remoteInfo = Y55;
		};
/* End PBXContainerItemProxy section */

/* Begin PBXFileReference section */
		6D5233141A267A4D008B4C9B /* Y55.app */ = {isa = PBXFileReference; explicitFileType = wrapper.application; includeInIndex = 0; path = Y55.app; sourceTree = BUILT_PRODUCTS_DIR; };
		6D5233181A267A4D008B4C9B /* Info.plist */ = {isa = PBXFileReference; lastKnownFileType = text.plist.xml; path = Info.plist; sourceTree = "<group>"; };
		6D5233191A267A4D008B4C9B /* main.m */ = {isa = PBXFileReference; lastKnownFileType = sourcecode.c.objc; path = main.m; sourceTree = "<group>"; };
		6D52331B1A267A4D008B4C9B /* AppDelegate.h */ = {isa = PBXFileReference; lastKnownFileType = sourcecode.c.h; path = AppDelegate.h; sourceTree = "<group>"; };
		6D52331C1A267A4D008B4C9B /* AppDelegate.m */ = {isa = PBXFileReference; lastKnownFileType = sourcecode.c.objc; path = AppDelegate.m; sourceTree = "<group>"; };
		6D5233241A267A4D008B4C9B /* Images.xcassets */ = {isa = PBXFileReference; lastKnownFileType = folder.assetcatalog; path = Images.xcassets; sourceTree = "<group>"; };
		6D5233271A267A4D008B4C9B /* Base */ = {isa = PBXFileReference; lastKnownFileType = file.xib; name = Base; path = Base.lproj/LaunchScreen.xib; sourceTree = "<group>"; };
		6D52332D1A267A4D008B4C9B /* Y55Tests.xctest */ = {isa = PBXFileReference; explicitFileType = wrapper.cfbundle; includeInIndex = 0; path = Y55Tests.xctest; sourceTree = BUILT_PRODUCTS_DIR; };
		6D5233321A267A4D008B4C9B /* Info.plist */ = {isa = PBXFileReference; lastKnownFileType = text.plist.xml; name = Info.plist; path = Y55Tests/Info.plist; sourceTree = SOURCE_ROOT; };
		6D5233331A267A4D008B4C9B /* Y55Tests.m */ = {isa = PBXFileReference; lastKnownFileType = sourcecode.c.objc; path = Y55Tests.m; sourceTree = "<group>"; };
		6D5233411A267F75008B4C9B /* TipsViewController.h */ = {isa = PBXFileReference; fileEncoding = 4; lastKnownFileType = sourcecode.c.h; name = TipsViewController.h; path = Classes/TipsViewController.h; sourceTree = "<group>"; };
		6D5233421A267F75008B4C9B /* TipsViewController.m */ = {isa = PBXFileReference; fileEncoding = 4; lastKnownFileType = sourcecode.c.objc; name = TipsViewController.m; path = Classes/TipsViewController.m; sourceTree = "<group>"; };
		6D5233441A267FFF008B4C9B /* Y55Kit.h */ = {isa = PBXFileReference; lastKnownFileType = sourcecode.c.h; name = Y55Kit.h; path = Y55Kit/Classes/Y55Kit.h; sourceTree = SOURCE_ROOT; };
		6D5233461A268061008B4C9B /* Y55Defines.h */ = {isa = PBXFileReference; fileEncoding = 4; lastKnownFileType = sourcecode.c.h; name = Y55Defines.h; path = Y55Kit/Classes/Y55Defines.h; sourceTree = "<group>"; };
		6D5233471A268061008B4C9B /* Y55Defines.m */ = {isa = PBXFileReference; fileEncoding = 4; lastKnownFileType = sourcecode.c.objc; name = Y55Defines.m; path = Y55Kit/Classes/Y55Defines.m; sourceTree = "<group>"; };
		6D52334C1A2681E3008B4C9B /* UIColor+Y55.h */ = {isa = PBXFileReference; fileEncoding = 4; lastKnownFileType = sourcecode.c.h; name = "UIColor+Y55.h"; path = "Y55Kit/Classes/UIColor+Y55.h"; sourceTree = "<group>"; };
		6D52334D1A2681E3008B4C9B /* UIColor+Y55.m */ = {isa = PBXFileReference; fileEncoding = 4; lastKnownFileType = sourcecode.c.objc; name = "UIColor+Y55.m"; path = "Y55Kit/Classes/UIColor+Y55.m"; sourceTree = "<group>"; };
		6D52334F1A268425008B4C9B /* NSUserDefaults+Y55.h */ = {isa = PBXFileReference; fileEncoding = 4; lastKnownFileType = sourcecode.c.h; name = "NSUserDefaults+Y55.h"; path = "Y55Kit/Classes/NSUserDefaults+Y55.h"; sourceTree = "<group>"; };
		6D5233501A268425008B4C9B /* NSUserDefaults+Y55.m */ = {isa = PBXFileReference; fileEncoding = 4; lastKnownFileType = sourcecode.c.objc; name = "NSUserDefaults+Y55.m"; path = "Y55Kit/Classes/NSUserDefaults+Y55.m"; sourceTree = "<group>"; };
		6D5233521A2684AD008B4C9B /* Y55Preferences.h */ = {isa = PBXFileReference; fileEncoding = 4; lastKnownFileType = sourcecode.c.h; name = Y55Preferences.h; path = Y55Kit/Classes/Y55Preferences.h; sourceTree = "<group>"; };
		6D5233531A2684AD008B4C9B /* Y55Preferences.m */ = {isa = PBXFileReference; fileEncoding = 4; lastKnownFileType = sourcecode.c.objc; name = Y55Preferences.m; path = Y55Kit/Classes/Y55Preferences.m; sourceTree = "<group>"; };
		6D5233551A268964008B4C9B /* UIButton+Y55.h */ = {isa = PBXFileReference; fileEncoding = 4; lastKnownFileType = sourcecode.c.h; name = "UIButton+Y55.h"; path = "Y55Kit/Classes/UIButton+Y55.h"; sourceTree = "<group>"; };
		6D5233561A268964008B4C9B /* UIButton+Y55.m */ = {isa = PBXFileReference; fileEncoding = 4; lastKnownFileType = sourcecode.c.objc; name = "UIButton+Y55.m"; path = "Y55Kit/Classes/UIButton+Y55.m"; sourceTree = "<group>"; };
		6D5233591A26906E008B4C9B /* Y55-Prefix.pch */ = {isa = PBXFileReference; lastKnownFileType = sourcecode.c.h; name = "Y55-Prefix.pch"; path = "Other Sources/Y55-Prefix.pch"; sourceTree = "<group>"; };
		6D52335A1A2691C8008B4C9B /* CoreGraphics.framework */ = {isa = PBXFileReference; lastKnownFileType = wrapper.framework; name = CoreGraphics.framework; path = System/Library/Frameworks/CoreGraphics.framework; sourceTree = SDKROOT; };
		6D52335C1A2691CD008B4C9B /* UIKit.framework */ = {isa = PBXFileReference; lastKnownFileType = wrapper.framework; name = UIKit.framework; path = System/Library/Frameworks/UIKit.framework; sourceTree = SDKROOT; };
		6D52335E1A2691D4008B4C9B /* Foundation.framework */ = {isa = PBXFileReference; lastKnownFileType = wrapper.framework; name = Foundation.framework; path = System/Library/Frameworks/Foundation.framework; sourceTree = SDKROOT; };
		6D5233601A2691E2008B4C9B /* Y55.entitlements */ = {isa = PBXFileReference; lastKnownFileType = text.xml; path = Y55.entitlements; sourceTree = "<group>"; };
		6D5233611A269250008B4C9B /* Settings.bundle */ = {isa = PBXFileReference; lastKnownFileType = "wrapper.plug-in"; name = Settings.bundle; path = Resources/Settings.bundle; sourceTree = "<group>"; };
		6D5233681A269587008B4C9B /* Crashlytics.framework */ = {isa = PBXFileReference; lastKnownFileType = wrapper.framework; path = Crashlytics.framework; sourceTree = "<group>"; };
		6D5233691A269587008B4C9B /* Fabric.framework */ = {isa = PBXFileReference; lastKnownFileType = wrapper.framework; path = Fabric.framework; sourceTree = "<group>"; };
		6D52336C1A2695E2008B4C9B /* TwitterKit.framework */ = {isa = PBXFileReference; lastKnownFileType = wrapper.framework; path = TwitterKit.framework; sourceTree = "<group>"; };
		6D52336D1A2695E2008B4C9B /* TwitterKitResources.bundle */ = {isa = PBXFileReference; lastKnownFileType = "wrapper.plug-in"; name = TwitterKitResources.bundle; path = TwitterKit.framework/Versions/A/Resources/TwitterKitResources.bundle; sourceTree = "<group>"; };
		6D5233701A26962E008B4C9B /* LoginViewController.h */ = {isa = PBXFileReference; fileEncoding = 4; lastKnownFileType = sourcecode.c.h; name = LoginViewController.h; path = Classes/LoginViewController.h; sourceTree = "<group>"; };
		6D5233711A26962E008B4C9B /* LoginViewController.m */ = {isa = PBXFileReference; fileEncoding = 4; lastKnownFileType = sourcecode.c.objc; name = LoginViewController.m; path = Classes/LoginViewController.m; sourceTree = "<group>"; };
		6D5233731A269829008B4C9B /* Twitter.framework */ = {isa = PBXFileReference; lastKnownFileType = wrapper.framework; name = Twitter.framework; path = System/Library/Frameworks/Twitter.framework; sourceTree = SDKROOT; };
		6D5233751A269849008B4C9B /* Accounts.framework */ = {isa = PBXFileReference; lastKnownFileType = wrapper.framework; name = Accounts.framework; path = System/Library/Frameworks/Accounts.framework; sourceTree = SDKROOT; };
		6D5233B01A26DB59008B4C9B /* TasksViewController.h */ = {isa = PBXFileReference; fileEncoding = 4; lastKnownFileType = sourcecode.c.h; name = TasksViewController.h; path = Classes/TasksViewController.h; sourceTree = "<group>"; };
		6D5233B11A26DB59008B4C9B /* TasksViewController.m */ = {isa = PBXFileReference; fileEncoding = 4; lastKnownFileType = sourcecode.c.objc; name = TasksViewController.m; path = Classes/TasksViewController.m; sourceTree = "<group>"; };
		6D5233B61A26DB7B008B4C9B /* ProfileViewController.h */ = {isa = PBXFileReference; fileEncoding = 4; lastKnownFileType = sourcecode.c.h; name = ProfileViewController.h; path = Classes/ProfileViewController.h; sourceTree = "<group>"; };
		6D5233B71A26DB7B008B4C9B /* ProfileViewController.m */ = {isa = PBXFileReference; fileEncoding = 4; lastKnownFileType = sourcecode.c.objc; name = ProfileViewController.m; path = Classes/ProfileViewController.m; sourceTree = "<group>"; };
		6D5233B91A26DB90008B4C9B /* AdvicesViewController.h */ = {isa = PBXFileReference; fileEncoding = 4; lastKnownFileType = sourcecode.c.h; name = AdvicesViewController.h; path = Classes/AdvicesViewController.h; sourceTree = "<group>"; };
		6D5233BA1A26DB90008B4C9B /* AdvicesViewController.m */ = {isa = PBXFileReference; fileEncoding = 4; lastKnownFileType = sourcecode.c.objc; name = AdvicesViewController.m; path = Classes/AdvicesViewController.m; sourceTree = "<group>"; };
		6D5233BF1A295695008B4C9B /* Social.framework */ = {isa = PBXFileReference; lastKnownFileType = wrapper.framework; name = Social.framework; path = System/Library/Frameworks/Social.framework; sourceTree = SDKROOT; };
/* End PBXFileReference section */

/* Begin PBXFrameworksBuildPhase section */
		6D5233111A267A4D008B4C9B /* Frameworks */ = {
			isa = PBXFrameworksBuildPhase;
			buildActionMask = 2147483647;
			files = (
				6D5233C01A295695008B4C9B /* Social.framework in Frameworks */,
				6D5233761A269849008B4C9B /* Accounts.framework in Frameworks */,
				6D5233741A269829008B4C9B /* Twitter.framework in Frameworks */,
				6D52335F1A2691D4008B4C9B /* Foundation.framework in Frameworks */,
				6D52336B1A269587008B4C9B /* Fabric.framework in Frameworks */,
				6D52335D1A2691CD008B4C9B /* UIKit.framework in Frameworks */,
				6D52336A1A269587008B4C9B /* Crashlytics.framework in Frameworks */,
				6D52335B1A2691C8008B4C9B /* CoreGraphics.framework in Frameworks */,
				6D52336E1A2695E2008B4C9B /* TwitterKit.framework in Frameworks */,
			);
			runOnlyForDeploymentPostprocessing = 0;
		};
		6D52332A1A267A4D008B4C9B /* Frameworks */ = {
			isa = PBXFrameworksBuildPhase;
			buildActionMask = 2147483647;
			files = (
			);
			runOnlyForDeploymentPostprocessing = 0;
		};
/* End PBXFrameworksBuildPhase section */

/* Begin PBXGroup section */
		6D52330B1A267A4D008B4C9B = {
			isa = PBXGroup;
			children = (
				6D5233161A267A4D008B4C9B /* Y55 */,
				6D5233451A26801A008B4C9B /* Y55Kit */,
				6D5233631A2694DD008B4C9B /* Vendor */,
				6D5233641A2694E3008B4C9B /* Frameworks */,
				6D5233151A267A4D008B4C9B /* Products */,
				6D5233301A267A4D008B4C9B /* Y55Tests */,
			);
			sourceTree = "<group>";
		};
		6D5233151A267A4D008B4C9B /* Products */ = {
			isa = PBXGroup;
			children = (
				6D5233141A267A4D008B4C9B /* Y55.app */,
				6D52332D1A267A4D008B4C9B /* Y55Tests.xctest */,
			);
			name = Products;
			sourceTree = "<group>";
		};
		6D5233161A267A4D008B4C9B /* Y55 */ = {
			isa = PBXGroup;
			children = (
				6D52333D1A267E96008B4C9B /* Classes */,
				6D52333F1A267EAE008B4C9B /* Other Sources */,
				6D5233401A267EBB008B4C9B /* Resources */,
			);
			path = Y55;
			sourceTree = "<group>";
		};
		6D5233301A267A4D008B4C9B /* Y55Tests */ = {
			isa = PBXGroup;
			children = (
				6D5233331A267A4D008B4C9B /* Y55Tests.m */,
			);
			path = Y55Tests;
			sourceTree = "<group>";
		};
		6D52333D1A267E96008B4C9B /* Classes */ = {
			isa = PBXGroup;
			children = (
				6D52331B1A267A4D008B4C9B /* AppDelegate.h */,
				6D52331C1A267A4D008B4C9B /* AppDelegate.m */,
				6D5233411A267F75008B4C9B /* TipsViewController.h */,
				6D5233421A267F75008B4C9B /* TipsViewController.m */,
				6D5233701A26962E008B4C9B /* LoginViewController.h */,
				6D5233711A26962E008B4C9B /* LoginViewController.m */,
				6D5233B01A26DB59008B4C9B /* TasksViewController.h */,
				6D5233B11A26DB59008B4C9B /* TasksViewController.m */,
				6D5233B61A26DB7B008B4C9B /* ProfileViewController.h */,
				6D5233B71A26DB7B008B4C9B /* ProfileViewController.m */,
				6D5233B91A26DB90008B4C9B /* AdvicesViewController.h */,
				6D5233BA1A26DB90008B4C9B /* AdvicesViewController.m */,
			);
			name = Classes;
			sourceTree = "<group>";
		};
		6D52333F1A267EAE008B4C9B /* Other Sources */ = {
			isa = PBXGroup;
			children = (
				6D5233601A2691E2008B4C9B /* Y55.entitlements */,
				6D5233191A267A4D008B4C9B /* main.m */,
				6D5233591A26906E008B4C9B /* Y55-Prefix.pch */,
			);
			name = "Other Sources";
			sourceTree = "<group>";
		};
		6D5233401A267EBB008B4C9B /* Resources */ = {
			isa = PBXGroup;
			children = (
				6D5233261A267A4D008B4C9B /* LaunchScreen.xib */,
				6D5233181A267A4D008B4C9B /* Info.plist */,
				6D5233321A267A4D008B4C9B /* Info.plist */,
				6D5233241A267A4D008B4C9B /* Images.xcassets */,
				6D5233611A269250008B4C9B /* Settings.bundle */,
			);
			name = Resources;
			sourceTree = "<group>";
		};
		6D5233451A26801A008B4C9B /* Y55Kit */ = {
			isa = PBXGroup;
			children = (
				6D5233441A267FFF008B4C9B /* Y55Kit.h */,
				6D5233461A268061008B4C9B /* Y55Defines.h */,
				6D5233471A268061008B4C9B /* Y55Defines.m */,
				6D52334C1A2681E3008B4C9B /* UIColor+Y55.h */,
				6D52334D1A2681E3008B4C9B /* UIColor+Y55.m */,
				6D52334F1A268425008B4C9B /* NSUserDefaults+Y55.h */,
				6D5233501A268425008B4C9B /* NSUserDefaults+Y55.m */,
				6D5233521A2684AD008B4C9B /* Y55Preferences.h */,
				6D5233531A2684AD008B4C9B /* Y55Preferences.m */,
				6D5233551A268964008B4C9B /* UIButton+Y55.h */,
				6D5233561A268964008B4C9B /* UIButton+Y55.m */,
			);
			name = Y55Kit;
			sourceTree = "<group>";
		};
		6D5233631A2694DD008B4C9B /* Vendor */ = {
			isa = PBXGroup;
			children = (
				6D52336C1A2695E2008B4C9B /* TwitterKit.framework */,
				6D52336D1A2695E2008B4C9B /* TwitterKitResources.bundle */,
				6D5233681A269587008B4C9B /* Crashlytics.framework */,
				6D5233691A269587008B4C9B /* Fabric.framework */,
				6D5233661A26952B008B4C9B /* Localytics */,
			);
			name = Vendor;
			sourceTree = "<group>";
		};
		6D5233641A2694E3008B4C9B /* Frameworks */ = {
			isa = PBXGroup;
			children = (
				6D5233BF1A295695008B4C9B /* Social.framework */,
				6D5233751A269849008B4C9B /* Accounts.framework */,
				6D5233731A269829008B4C9B /* Twitter.framework */,
				6D52335E1A2691D4008B4C9B /* Foundation.framework */,
				6D52335C1A2691CD008B4C9B /* UIKit.framework */,
				6D52335A1A2691C8008B4C9B /* CoreGraphics.framework */,
			);
			name = Frameworks;
			sourceTree = "<group>";
		};
		6D5233661A26952B008B4C9B /* Localytics */ = {
			isa = PBXGroup;
			children = (
			);
			name = Localytics;
			sourceTree = "<group>";
		};
/* End PBXGroup section */

/* Begin PBXNativeTarget section */
		6D5233131A267A4D008B4C9B /* Y55 */ = {
			isa = PBXNativeTarget;
			buildConfigurationList = 6D5233371A267A4D008B4C9B /* Build configuration list for PBXNativeTarget "Y55" */;
			buildPhases = (
				6D5233101A267A4D008B4C9B /* Sources */,
				6D5233111A267A4D008B4C9B /* Frameworks */,
				6D5233121A267A4D008B4C9B /* Resources */,
				6D5233671A26956B008B4C9B /* ShellScript */,
			);
			buildRules = (
			);
			dependencies = (
			);
			name = Y55;
			productName = Y55;
			productReference = 6D5233141A267A4D008B4C9B /* Y55.app */;
			productType = "com.apple.product-type.application";
		};
		6D52332C1A267A4D008B4C9B /* Y55Tests */ = {
			isa = PBXNativeTarget;
			buildConfigurationList = 6D52333A1A267A4D008B4C9B /* Build configuration list for PBXNativeTarget "Y55Tests" */;
			buildPhases = (
				6D5233291A267A4D008B4C9B /* Sources */,
				6D52332A1A267A4D008B4C9B /* Frameworks */,
				6D52332B1A267A4D008B4C9B /* Resources */,
			);
			buildRules = (
			);
			dependencies = (
				6D52332F1A267A4D008B4C9B /* PBXTargetDependency */,
			);
			name = Y55Tests;
			productName = Y55Tests;
			productReference = 6D52332D1A267A4D008B4C9B /* Y55Tests.xctest */;
			productType = "com.apple.product-type.bundle.unit-test";
		};
/* End PBXNativeTarget section */

/* Begin PBXProject section */
		6D52330C1A267A4D008B4C9B /* Project object */ = {
			isa = PBXProject;
			attributes = {
				LastUpgradeCheck = 0610;
				ORGANIZATIONNAME = "Gabe Morales";
				TargetAttributes = {
					6D5233131A267A4D008B4C9B = {
						CreatedOnToolsVersion = 6.1;
						DevelopmentTeam = 88BVT739BF;
						SystemCapabilities = {
							com.apple.ApplicationGroups.iOS = {
								enabled = 1;
							};
							com.apple.BackgroundModes = {
								enabled = 1;
							};
							com.apple.iCloud = {
								enabled = 1;
							};
						};
					};
					6D52332C1A267A4D008B4C9B = {
						CreatedOnToolsVersion = 6.1;
						TestTargetID = 6D5233131A267A4D008B4C9B;
					};
				};
			};
			buildConfigurationList = 6D52330F1A267A4D008B4C9B /* Build configuration list for PBXProject "Y55" */;
			compatibilityVersion = "Xcode 3.2";
			developmentRegion = English;
			hasScannedForEncodings = 0;
			knownRegions = (
				en,
				Base,
			);
			mainGroup = 6D52330B1A267A4D008B4C9B;
			productRefGroup = 6D5233151A267A4D008B4C9B /* Products */;
			projectDirPath = "";
			projectRoot = "";
			targets = (
				6D5233131A267A4D008B4C9B /* Y55 */,
				6D52332C1A267A4D008B4C9B /* Y55Tests */,
			);
		};
/* End PBXProject section */

/* Begin PBXResourcesBuildPhase section */
		6D5233121A267A4D008B4C9B /* Resources */ = {
			isa = PBXResourcesBuildPhase;
			buildActionMask = 2147483647;
			files = (
				6D52336F1A2695E2008B4C9B /* TwitterKitResources.bundle in Resources */,
				6D5233281A267A4D008B4C9B /* LaunchScreen.xib in Resources */,
				6D5233621A269250008B4C9B /* Settings.bundle in Resources */,
				6D5233251A267A4D008B4C9B /* Images.xcassets in Resources */,
			);
			runOnlyForDeploymentPostprocessing = 0;
		};
		6D52332B1A267A4D008B4C9B /* Resources */ = {
			isa = PBXResourcesBuildPhase;
			buildActionMask = 2147483647;
			files = (
			);
			runOnlyForDeploymentPostprocessing = 0;
		};
/* End PBXResourcesBuildPhase section */

/* Begin PBXShellScriptBuildPhase section */
		6D5233671A26956B008B4C9B /* ShellScript */ = {
			isa = PBXShellScriptBuildPhase;
			buildActionMask = 2147483647;
			files = (
			);
			inputPaths = (
			);
			outputPaths = (
			);
			runOnlyForDeploymentPostprocessing = 0;
			shellPath = /bin/sh;
			shellScript = "./Fabric.framework/run 2b0e59ad86a3bc7aa61e7444e593e13a0c2e92ec 05391c883d210a6192135a527a696c5c7fe1b4a92c01af5f531555c286c0afba";
		};
/* End PBXShellScriptBuildPhase section */

/* Begin PBXSourcesBuildPhase section */
		6D5233101A267A4D008B4C9B /* Sources */ = {
			isa = PBXSourcesBuildPhase;
			buildActionMask = 2147483647;
			files = (
				6D5233BB1A26DB90008B4C9B /* AdvicesViewController.m in Sources */,
				6D5233541A2684AD008B4C9B /* Y55Preferences.m in Sources */,
				6D5233B21A26DB59008B4C9B /* TasksViewController.m in Sources */,
				6D52334E1A2681E3008B4C9B /* UIColor+Y55.m in Sources */,
				6D5233481A268061008B4C9B /* Y55Defines.m in Sources */,
				6D52331D1A267A4D008B4C9B /* AppDelegate.m in Sources */,
				6D5233431A267F75008B4C9B /* TipsViewController.m in Sources */,
				6D5233721A26962E008B4C9B /* LoginViewController.m in Sources */,
				6D52331A1A267A4D008B4C9B /* main.m in Sources */,
				6D5233B81A26DB7B008B4C9B /* ProfileViewController.m in Sources */,
				6D5233571A268964008B4C9B /* UIButton+Y55.m in Sources */,
				6D5233511A268425008B4C9B /* NSUserDefaults+Y55.m in Sources */,
			);
			runOnlyForDeploymentPostprocessing = 0;
		};
		6D5233291A267A4D008B4C9B /* Sources */ = {
			isa = PBXSourcesBuildPhase;
			buildActionMask = 2147483647;
			files = (
				6D5233341A267A4D008B4C9B /* Y55Tests.m in Sources */,
			);
			runOnlyForDeploymentPostprocessing = 0;
		};
/* End PBXSourcesBuildPhase section */

/* Begin PBXTargetDependency section */
		6D52332F1A267A4D008B4C9B /* PBXTargetDependency */ = {
			isa = PBXTargetDependency;
			target = 6D5233131A267A4D008B4C9B /* Y55 */;
			targetProxy = 6D52332E1A267A4D008B4C9B /* PBXContainerItemProxy */;
		};
/* End PBXTargetDependency section */

/* Begin PBXVariantGroup section */
		6D5233261A267A4D008B4C9B /* LaunchScreen.xib */ = {
			isa = PBXVariantGroup;
			children = (
				6D5233271A267A4D008B4C9B /* Base */,
			);
			name = LaunchScreen.xib;
			sourceTree = "<group>";
		};
/* End PBXVariantGroup section */

/* Begin XCBuildConfiguration section */
		6D5233351A267A4D008B4C9B /* Debug */ = {
			isa = XCBuildConfiguration;
			buildSettings = {
				ALWAYS_SEARCH_USER_PATHS = NO;
				CLANG_CXX_LANGUAGE_STANDARD = "gnu++0x";
				CLANG_CXX_LIBRARY = "libc++";
				CLANG_ENABLE_MODULES = YES;
				CLANG_ENABLE_OBJC_ARC = YES;
				CLANG_WARN_BOOL_CONVERSION = YES;
				CLANG_WARN_CONSTANT_CONVERSION = YES;
				CLANG_WARN_DIRECT_OBJC_ISA_USAGE = YES_ERROR;
				CLANG_WARN_EMPTY_BODY = YES;
				CLANG_WARN_ENUM_CONVERSION = YES;
				CLANG_WARN_INT_CONVERSION = YES;
				CLANG_WARN_OBJC_ROOT_CLASS = YES_ERROR;
				CLANG_WARN_UNREACHABLE_CODE = YES;
				CLANG_WARN__DUPLICATE_METHOD_MATCH = YES;
				"CODE_SIGN_IDENTITY[sdk=iphoneos*]" = "iPhone Developer";
				COPY_PHASE_STRIP = NO;
				ENABLE_STRICT_OBJC_MSGSEND = YES;
				GCC_C_LANGUAGE_STANDARD = gnu99;
				GCC_DYNAMIC_NO_PIC = NO;
				GCC_OPTIMIZATION_LEVEL = 0;
				GCC_PREPROCESSOR_DEFINITIONS = (
					"DEBUG=1",
					"$(inherited)",
				);
				GCC_SYMBOLS_PRIVATE_EXTERN = NO;
				GCC_WARN_64_TO_32_BIT_CONVERSION = YES;
				GCC_WARN_ABOUT_RETURN_TYPE = YES_ERROR;
				GCC_WARN_UNDECLARED_SELECTOR = YES;
				GCC_WARN_UNINITIALIZED_AUTOS = YES_AGGRESSIVE;
				GCC_WARN_UNUSED_FUNCTION = YES;
				GCC_WARN_UNUSED_VARIABLE = YES;
				IPHONEOS_DEPLOYMENT_TARGET = 8.0;
				MTL_ENABLE_DEBUG_INFO = YES;
				ONLY_ACTIVE_ARCH = YES;
				SDKROOT = iphoneos;
			};
			name = Debug;
		};
		6D5233361A267A4D008B4C9B /* Release */ = {
			isa = XCBuildConfiguration;
			buildSettings = {
				ALWAYS_SEARCH_USER_PATHS = NO;
				CLANG_CXX_LANGUAGE_STANDARD = "gnu++0x";
				CLANG_CXX_LIBRARY = "libc++";
				CLANG_ENABLE_MODULES = YES;
				CLANG_ENABLE_OBJC_ARC = YES;
				CLANG_WARN_BOOL_CONVERSION = YES;
				CLANG_WARN_CONSTANT_CONVERSION = YES;
				CLANG_WARN_DIRECT_OBJC_ISA_USAGE = YES_ERROR;
				CLANG_WARN_EMPTY_BODY = YES;
				CLANG_WARN_ENUM_CONVERSION = YES;
				CLANG_WARN_INT_CONVERSION = YES;
				CLANG_WARN_OBJC_ROOT_CLASS = YES_ERROR;
				CLANG_WARN_UNREACHABLE_CODE = YES;
				CLANG_WARN__DUPLICATE_METHOD_MATCH = YES;
				"CODE_SIGN_IDENTITY[sdk=iphoneos*]" = "iPhone Developer";
				COPY_PHASE_STRIP = YES;
				ENABLE_NS_ASSERTIONS = NO;
				ENABLE_STRICT_OBJC_MSGSEND = YES;
				GCC_C_LANGUAGE_STANDARD = gnu99;
				GCC_WARN_64_TO_32_BIT_CONVERSION = YES;
				GCC_WARN_ABOUT_RETURN_TYPE = YES_ERROR;
				GCC_WARN_UNDECLARED_SELECTOR = YES;
				GCC_WARN_UNINITIALIZED_AUTOS = YES_AGGRESSIVE;
				GCC_WARN_UNUSED_FUNCTION = YES;
				GCC_WARN_UNUSED_VARIABLE = YES;
				IPHONEOS_DEPLOYMENT_TARGET = 8.0;
				MTL_ENABLE_DEBUG_INFO = NO;
				SDKROOT = iphoneos;
				VALIDATE_PRODUCT = YES;
			};
			name = Release;
		};
		6D5233381A267A4D008B4C9B /* Debug */ = {
			isa = XCBuildConfiguration;
			buildSettings = {
				ASSETCATALOG_COMPILER_APPICON_NAME = AppIcon;
				CODE_SIGN_ENTITLEMENTS = Y55/Y55.entitlements;
				CODE_SIGN_IDENTITY = "iPhone Developer";
				"CODE_SIGN_IDENTITY[sdk=iphoneos*]" = "iPhone Developer";
				FRAMEWORK_SEARCH_PATHS = (
					"$(inherited)",
					"$(PROJECT_DIR)",
				);
				GCC_PREFIX_HEADER = "Y55/Other Sources/Y55-Prefix.pch";
				INFOPLIST_FILE = Y55/Info.plist;
				IPHONEOS_DEPLOYMENT_TARGET = 8.0;
				LD_RUNPATH_SEARCH_PATHS = "$(inherited) @executable_path/Frameworks";
				PRODUCT_NAME = "$(TARGET_NAME)";
				PROVISIONING_PROFILE = "";
			};
			name = Debug;
		};
		6D5233391A267A4D008B4C9B /* Release */ = {
			isa = XCBuildConfiguration;
			buildSettings = {
				ASSETCATALOG_COMPILER_APPICON_NAME = AppIcon;
				CODE_SIGN_ENTITLEMENTS = Y55/Y55.entitlements;
				CODE_SIGN_IDENTITY = "iPhone Developer";
				"CODE_SIGN_IDENTITY[sdk=iphoneos*]" = "iPhone Developer";
				FRAMEWORK_SEARCH_PATHS = (
					"$(inherited)",
					"$(PROJECT_DIR)",
				);
				GCC_PREFIX_HEADER = "Y55/Other Sources/Y55-Prefix.pch";
				INFOPLIST_FILE = Y55/Info.plist;
				IPHONEOS_DEPLOYMENT_TARGET = 8.0;
				LD_RUNPATH_SEARCH_PATHS = "$(inherited) @executable_path/Frameworks";
				PRODUCT_NAME = "$(TARGET_NAME)";
				PROVISIONING_PROFILE = "";
			};
			name = Release;
		};
		6D52333B1A267A4D008B4C9B /* Debug */ = {
			isa = XCBuildConfiguration;
			buildSettings = {
				BUNDLE_LOADER = "$(TEST_HOST)";
				FRAMEWORK_SEARCH_PATHS = (
					"$(SDKROOT)/Developer/Library/Frameworks",
					"$(inherited)",
				);
				GCC_PREPROCESSOR_DEFINITIONS = (
					"DEBUG=1",
					"$(inherited)",
				);
				INFOPLIST_FILE = Y55Tests/Info.plist;
				LD_RUNPATH_SEARCH_PATHS = "$(inherited) @executable_path/Frameworks @loader_path/Frameworks";
				PRODUCT_NAME = "$(TARGET_NAME)";
				TEST_HOST = "$(BUILT_PRODUCTS_DIR)/Y55.app/Y55";
			};
			name = Debug;
		};
		6D52333C1A267A4D008B4C9B /* Release */ = {
			isa = XCBuildConfiguration;
			buildSettings = {
				BUNDLE_LOADER = "$(TEST_HOST)";
				FRAMEWORK_SEARCH_PATHS = (
					"$(SDKROOT)/Developer/Library/Frameworks",
					"$(inherited)",
				);
				INFOPLIST_FILE = Y55Tests/Info.plist;
				LD_RUNPATH_SEARCH_PATHS = "$(inherited) @executable_path/Frameworks @loader_path/Frameworks";
				PRODUCT_NAME = "$(TARGET_NAME)";
				TEST_HOST = "$(BUILT_PRODUCTS_DIR)/Y55.app/Y55";
			};
			name = Release;
		};
/* End XCBuildConfiguration section */

/* Begin XCConfigurationList section */
		6D52330F1A267A4D008B4C9B /* Build configuration list for PBXProject "Y55" */ = {
			isa = XCConfigurationList;
			buildConfigurations = (
				6D5233351A267A4D008B4C9B /* Debug */,
				6D5233361A267A4D008B4C9B /* Release */,
			);
			defaultConfigurationIsVisible = 0;
			defaultConfigurationName = Release;
		};
		6D5233371A267A4D008B4C9B /* Build configuration list for PBXNativeTarget "Y55" */ = {
			isa = XCConfigurationList;
			buildConfigurations = (
				6D5233381A267A4D008B4C9B /* Debug */,
				6D5233391A267A4D008B4C9B /* Release */,
			);
			defaultConfigurationIsVisible = 0;
			defaultConfigurationName = Release;
		};
		6D52333A1A267A4D008B4C9B /* Build configuration list for PBXNativeTarget "Y55Tests" */ = {
			isa = XCConfigurationList;
			buildConfigurations = (
				6D52333B1A267A4D008B4C9B /* Debug */,
				6D52333C1A267A4D008B4C9B /* Release */,
			);
			defaultConfigurationIsVisible = 0;
			defaultConfigurationName = Release;
		};
/* End XCConfigurationList section */
	};
	rootObject = 6D52330C1A267A4D008B4C9B /* Project object */;
}
